// !$*UTF8*$!
{
	archiveVersion = 1;
	classes = {
	};
	objectVersion = 50;
	objects = {

/* Begin PBXBuildFile section */
		3F7152EB22001AD8008A8DBA /* AppDelegate.swift in Sources */ = {isa = PBXBuildFile; fileRef = 3F7152EA22001AD8008A8DBA /* AppDelegate.swift */; };
		3F7152ED22001AD8008A8DBA /* ViewController.swift in Sources */ = {isa = PBXBuildFile; fileRef = 3F7152EC22001AD8008A8DBA /* ViewController.swift */; };
		3F7152F022001AD8008A8DBA /* Main.storyboard in Resources */ = {isa = PBXBuildFile; fileRef = 3F7152EE22001AD8008A8DBA /* Main.storyboard */; };
		3F7152F222001ADA008A8DBA /* Assets.xcassets in Resources */ = {isa = PBXBuildFile; fileRef = 3F7152F122001ADA008A8DBA /* Assets.xcassets */; };
		3F7152F522001ADA008A8DBA /* LaunchScreen.storyboard in Resources */ = {isa = PBXBuildFile; fileRef = 3F7152F322001ADA008A8DBA /* LaunchScreen.storyboard */; };
		3F71530022001ADB008A8DBA /* IntGitProjTests.swift in Sources */ = {isa = PBXBuildFile; fileRef = 3F7152FF22001ADB008A8DBA /* IntGitProjTests.swift */; };
		3F71530B22001ADB008A8DBA /* IntGitProjUITests.swift in Sources */ = {isa = PBXBuildFile; fileRef = 3F71530A22001ADB008A8DBA /* IntGitProjUITests.swift */; };
/* End PBXBuildFile section */

/* Begin PBXContainerItemProxy section */
		3F7152FC22001ADB008A8DBA /* PBXContainerItemProxy */ = {
			isa = PBXContainerItemProxy;
			containerPortal = 3F7152DF22001AD8008A8DBA /* Project object */;
			proxyType = 1;
			remoteGlobalIDString = 3F7152E622001AD8008A8DBA;
			remoteInfo = IntGitProj;
		};
		3F71530722001ADB008A8DBA /* PBXContainerItemProxy */ = {
			isa = PBXContainerItemProxy;
			containerPortal = 3F7152DF22001AD8008A8DBA /* Project object */;
			proxyType = 1;
			remoteGlobalIDString = 3F7152E622001AD8008A8DBA;
			remoteInfo = IntGitProj;
		};
/* End PBXContainerItemProxy section */

/* Begin PBXFileReference section */
		3F7152E722001AD8008A8DBA /* IntGitProj.app */ = {isa = PBXFileReference; explicitFileType = wrapper.application; includeInIndex = 0; path = IntGitProj.app; sourceTree = BUILT_PRODUCTS_DIR; };
		3F7152EA22001AD8008A8DBA /* AppDelegate.swift */ = {isa = PBXFileReference; lastKnownFileType = sourcecode.swift; path = AppDelegate.swift; sourceTree = "<group>"; };
		3F7152EC22001AD8008A8DBA /* ViewController.swift */ = {isa = PBXFileReference; lastKnownFileType = sourcecode.swift; path = ViewController.swift; sourceTree = "<group>"; };
		3F7152EF22001AD8008A8DBA /* Base */ = {isa = PBXFileReference; lastKnownFileType = file.storyboard; name = Base; path = Base.lproj/Main.storyboard; sourceTree = "<group>"; };
		3F7152F122001ADA008A8DBA /* Assets.xcassets */ = {isa = PBXFileReference; lastKnownFileType = folder.assetcatalog; path = Assets.xcassets; sourceTree = "<group>"; };
		3F7152F422001ADA008A8DBA /* Base */ = {isa = PBXFileReference; lastKnownFileType = file.storyboard; name = Base; path = Base.lproj/LaunchScreen.storyboard; sourceTree = "<group>"; };
		3F7152F622001ADA008A8DBA /* Info.plist */ = {isa = PBXFileReference; lastKnownFileType = text.plist.xml; path = Info.plist; sourceTree = "<group>"; };
		3F7152FB22001ADB008A8DBA /* IntGitProjTests.xctest */ = {isa = PBXFileReference; explicitFileType = wrapper.cfbundle; includeInIndex = 0; path = IntGitProjTests.xctest; sourceTree = BUILT_PRODUCTS_DIR; };
		3F7152FF22001ADB008A8DBA /* IntGitProjTests.swift */ = {isa = PBXFileReference; lastKnownFileType = sourcecode.swift; path = IntGitProjTests.swift; sourceTree = "<group>"; };
		3F71530122001ADB008A8DBA /* Info.plist */ = {isa = PBXFileReference; lastKnownFileType = text.plist.xml; path = Info.plist; sourceTree = "<group>"; };
		3F71530622001ADB008A8DBA /* IntGitProjUITests.xctest */ = {isa = PBXFileReference; explicitFileType = wrapper.cfbundle; includeInIndex = 0; path = IntGitProjUITests.xctest; sourceTree = BUILT_PRODUCTS_DIR; };
		3F71530A22001ADB008A8DBA /* IntGitProjUITests.swift */ = {isa = PBXFileReference; lastKnownFileType = sourcecode.swift; path = IntGitProjUITests.swift; sourceTree = "<group>"; };
		3F71530C22001ADB008A8DBA /* Info.plist */ = {isa = PBXFileReference; lastKnownFileType = text.plist.xml; path = Info.plist; sourceTree = "<group>"; };
/* End PBXFileReference section */

/* Begin PBXFrameworksBuildPhase section */
		3F7152E422001AD8008A8DBA /* Frameworks */ = {
			isa = PBXFrameworksBuildPhase;
			buildActionMask = 2147483647;
			files = (
			);
			runOnlyForDeploymentPostprocessing = 0;
		};
		3F7152F822001ADB008A8DBA /* Frameworks */ = {
			isa = PBXFrameworksBuildPhase;
			buildActionMask = 2147483647;
			files = (
			);
			runOnlyForDeploymentPostprocessing = 0;
		};
		3F71530322001ADB008A8DBA /* Frameworks */ = {
			isa = PBXFrameworksBuildPhase;
			buildActionMask = 2147483647;
			files = (
			);
			runOnlyForDeploymentPostprocessing = 0;
		};
/* End PBXFrameworksBuildPhase section */

/* Begin PBXGroup section */
		3F7152DE22001AD8008A8DBA = {
			isa = PBXGroup;
			children = (
				3F7152E922001AD8008A8DBA /* IntGitProj */,
				3F7152FE22001ADB008A8DBA /* IntGitProjTests */,
				3F71530922001ADB008A8DBA /* IntGitProjUITests */,
				3F7152E822001AD8008A8DBA /* Products */,
			);
			sourceTree = "<group>";
		};
		3F7152E822001AD8008A8DBA /* Products */ = {
			isa = PBXGroup;
			children = (
				3F7152E722001AD8008A8DBA /* IntGitProj.app */,
				3F7152FB22001ADB008A8DBA /* IntGitProjTests.xctest */,
				3F71530622001ADB008A8DBA /* IntGitProjUITests.xctest */,
			);
			name = Products;
			sourceTree = "<group>";
		};
		3F7152E922001AD8008A8DBA /* IntGitProj */ = {
			isa = PBXGroup;
			children = (
				3F7152EA22001AD8008A8DBA /* AppDelegate.swift */,
				3F7152EC22001AD8008A8DBA /* ViewController.swift */,
				3F7152EE22001AD8008A8DBA /* Main.storyboard */,
				3F7152F122001ADA008A8DBA /* Assets.xcassets */,
				3F7152F322001ADA008A8DBA /* LaunchScreen.storyboard */,
				3F7152F622001ADA008A8DBA /* Info.plist */,
			);
			path = IntGitProj;
			sourceTree = "<group>";
		};
		3F7152FE22001ADB008A8DBA /* IntGitProjTests */ = {
			isa = PBXGroup;
			children = (
				3F7152FF22001ADB008A8DBA /* IntGitProjTests.swift */,
				3F71530122001ADB008A8DBA /* Info.plist */,
			);
			path = IntGitProjTests;
			sourceTree = "<group>";
		};
		3F71530922001ADB008A8DBA /* IntGitProjUITests */ = {
			isa = PBXGroup;
			children = (
				3F71530A22001ADB008A8DBA /* IntGitProjUITests.swift */,
				3F71530C22001ADB008A8DBA /* Info.plist */,
			);
			path = IntGitProjUITests;
			sourceTree = "<group>";
		};
/* End PBXGroup section */

/* Begin PBXNativeTarget section */
		3F7152E622001AD8008A8DBA /* IntGitProj */ = {
			isa = PBXNativeTarget;
			buildConfigurationList = 3F71530F22001ADB008A8DBA /* Build configuration list for PBXNativeTarget "IntGitProj" */;
			buildPhases = (
				3F7152E322001AD8008A8DBA /* Sources */,
				3F7152E422001AD8008A8DBA /* Frameworks */,
				3F7152E522001AD8008A8DBA /* Resources */,
			);
			buildRules = (
			);
			dependencies = (
			);
			name = IntGitProj;
			productName = IntGitProj;
			productReference = 3F7152E722001AD8008A8DBA /* IntGitProj.app */;
			productType = "com.apple.product-type.application";
		};
		3F7152FA22001ADB008A8DBA /* IntGitProjTests */ = {
			isa = PBXNativeTarget;
			buildConfigurationList = 3F71531222001ADB008A8DBA /* Build configuration list for PBXNativeTarget "IntGitProjTests" */;
			buildPhases = (
				3F7152F722001ADB008A8DBA /* Sources */,
				3F7152F822001ADB008A8DBA /* Frameworks */,
				3F7152F922001ADB008A8DBA /* Resources */,
			);
			buildRules = (
			);
			dependencies = (
				3F7152FD22001ADB008A8DBA /* PBXTargetDependency */,
			);
			name = IntGitProjTests;
			productName = IntGitProjTests;
			productReference = 3F7152FB22001ADB008A8DBA /* IntGitProjTests.xctest */;
			productType = "com.apple.product-type.bundle.unit-test";
		};
		3F71530522001ADB008A8DBA /* IntGitProjUITests */ = {
			isa = PBXNativeTarget;
			buildConfigurationList = 3F71531522001ADB008A8DBA /* Build configuration list for PBXNativeTarget "IntGitProjUITests" */;
			buildPhases = (
				3F71530222001ADB008A8DBA /* Sources */,
				3F71530322001ADB008A8DBA /* Frameworks */,
				3F71530422001ADB008A8DBA /* Resources */,
			);
			buildRules = (
			);
			dependencies = (
				3F71530822001ADB008A8DBA /* PBXTargetDependency */,
			);
			name = IntGitProjUITests;
			productName = IntGitProjUITests;
			productReference = 3F71530622001ADB008A8DBA /* IntGitProjUITests.xctest */;
			productType = "com.apple.product-type.bundle.ui-testing";
		};
/* End PBXNativeTarget section */

/* Begin PBXProject section */
		3F7152DF22001AD8008A8DBA /* Project object */ = {
			isa = PBXProject;
			attributes = {
				LastSwiftUpdateCheck = 1000;
				LastUpgradeCheck = 1000;
				ORGANIZATIONNAME = studentCreative;
				TargetAttributes = {
					3F7152E622001AD8008A8DBA = {
						CreatedOnToolsVersion = 10.0;
					};
					3F7152FA22001ADB008A8DBA = {
						CreatedOnToolsVersion = 10.0;
						TestTargetID = 3F7152E622001AD8008A8DBA;
					};
					3F71530522001ADB008A8DBA = {
						CreatedOnToolsVersion = 10.0;
						TestTargetID = 3F7152E622001AD8008A8DBA;
					};
				};
			};
			buildConfigurationList = 3F7152E222001AD8008A8DBA /* Build configuration list for PBXProject "IntGitProj" */;
			compatibilityVersion = "Xcode 9.3";
			developmentRegion = en;
			hasScannedForEncodings = 0;
			knownRegions = (
				en,
				Base,
			);
			mainGroup = 3F7152DE22001AD8008A8DBA;
			productRefGroup = 3F7152E822001AD8008A8DBA /* Products */;
			projectDirPath = "";
			projectRoot = "";
			targets = (
				3F7152E622001AD8008A8DBA /* IntGitProj */,
				3F7152FA22001ADB008A8DBA /* IntGitProjTests */,
				3F71530522001ADB008A8DBA /* IntGitProjUITests */,
			);
		};
/* End PBXProject section */

/* Begin PBXResourcesBuildPhase section */
		3F7152E522001AD8008A8DBA /* Resources */ = {
			isa = PBXResourcesBuildPhase;
			buildActionMask = 2147483647;
			files = (
				3F7152F522001ADA008A8DBA /* LaunchScreen.storyboard in Resources */,
				3F7152F222001ADA008A8DBA /* Assets.xcassets in Resources */,
				3F7152F022001AD8008A8DBA /* Main.storyboard in Resources */,
			);
			runOnlyForDeploymentPostprocessing = 0;
		};
		3F7152F922001ADB008A8DBA /* Resources */ = {
			isa = PBXResourcesBuildPhase;
			buildActionMask = 2147483647;
			files = (
			);
			runOnlyForDeploymentPostprocessing = 0;
		};
		3F71530422001ADB008A8DBA /* Resources */ = {
			isa = PBXResourcesBuildPhase;
			buildActionMask = 2147483647;
			files = (
			);
			runOnlyForDeploymentPostprocessing = 0;
		};
/* End PBXResourcesBuildPhase section */

/* Begin PBXSourcesBuildPhase section */
		3F7152E322001AD8008A8DBA /* Sources */ = {
			isa = PBXSourcesBuildPhase;
			buildActionMask = 2147483647;
			files = (
				3F7152ED22001AD8008A8DBA /* ViewController.swift in Sources */,
				3F7152EB22001AD8008A8DBA /* AppDelegate.swift in Sources */,
			);
			runOnlyForDeploymentPostprocessing = 0;
		};
		3F7152F722001ADB008A8DBA /* Sources */ = {
			isa = PBXSourcesBuildPhase;
			buildActionMask = 2147483647;
			files = (
				3F71530022001ADB008A8DBA /* IntGitProjTests.swift in Sources */,
			);
			runOnlyForDeploymentPostprocessing = 0;
		};
		3F71530222001ADB008A8DBA /* Sources */ = {
			isa = PBXSourcesBuildPhase;
			buildActionMask = 2147483647;
			files = (
				3F71530B22001ADB008A8DBA /* IntGitProjUITests.swift in Sources */,
			);
			runOnlyForDeploymentPostprocessing = 0;
		};
/* End PBXSourcesBuildPhase section */

/* Begin PBXTargetDependency section */
		3F7152FD22001ADB008A8DBA /* PBXTargetDependency */ = {
			isa = PBXTargetDependency;
			target = 3F7152E622001AD8008A8DBA /* IntGitProj */;
			targetProxy = 3F7152FC22001ADB008A8DBA /* PBXContainerItemProxy */;
		};
		3F71530822001ADB008A8DBA /* PBXTargetDependency */ = {
			isa = PBXTargetDependency;
			target = 3F7152E622001AD8008A8DBA /* IntGitProj */;
			targetProxy = 3F71530722001ADB008A8DBA /* PBXContainerItemProxy */;
		};
/* End PBXTargetDependency section */

/* Begin PBXVariantGroup section */
		3F7152EE22001AD8008A8DBA /* Main.storyboard */ = {
			isa = PBXVariantGroup;
			children = (
				3F7152EF22001AD8008A8DBA /* Base */,
			);
			name = Main.storyboard;
			sourceTree = "<group>";
		};
		3F7152F322001ADA008A8DBA /* LaunchScreen.storyboard */ = {
			isa = PBXVariantGroup;
			children = (
				3F7152F422001ADA008A8DBA /* Base */,
			);
			name = LaunchScreen.storyboard;
			sourceTree = "<group>";
		};
/* End PBXVariantGroup section */

/* Begin XCBuildConfiguration section */
		3F71530D22001ADB008A8DBA /* Debug */ = {
			isa = XCBuildConfiguration;
			buildSettings = {
				ALWAYS_SEARCH_USER_PATHS = NO;
				CLANG_ANALYZER_NONNULL = YES;
				CLANG_ANALYZER_NUMBER_OBJECT_CONVERSION = YES_AGGRESSIVE;
				CLANG_CXX_LANGUAGE_STANDARD = "gnu++14";
				CLANG_CXX_LIBRARY = "libc++";
				CLANG_ENABLE_MODULES = YES;
				CLANG_ENABLE_OBJC_ARC = YES;
				CLANG_ENABLE_OBJC_WEAK = YES;
				CLANG_WARN_BLOCK_CAPTURE_AUTORELEASING = YES;
				CLANG_WARN_BOOL_CONVERSION = YES;
				CLANG_WARN_COMMA = YES;
				CLANG_WARN_CONSTANT_CONVERSION = YES;
				CLANG_WARN_DEPRECATED_OBJC_IMPLEMENTATIONS = YES;
				CLANG_WARN_DIRECT_OBJC_ISA_USAGE = YES_ERROR;
				CLANG_WARN_DOCUMENTATION_COMMENTS = YES;
				CLANG_WARN_EMPTY_BODY = YES;
				CLANG_WARN_ENUM_CONVERSION = YES;
				CLANG_WARN_INFINITE_RECURSION = YES;
				CLANG_WARN_INT_CONVERSION = YES;
				CLANG_WARN_NON_LITERAL_NULL_CONVERSION = YES;
				CLANG_WARN_OBJC_IMPLICIT_RETAIN_SELF = YES;
				CLANG_WARN_OBJC_LITERAL_CONVERSION = YES;
				CLANG_WARN_OBJC_ROOT_CLASS = YES_ERROR;
				CLANG_WARN_RANGE_LOOP_ANALYSIS = YES;
				CLANG_WARN_STRICT_PROTOTYPES = YES;
				CLANG_WARN_SUSPICIOUS_MOVE = YES;
				CLANG_WARN_UNGUARDED_AVAILABILITY = YES_AGGRESSIVE;
				CLANG_WARN_UNREACHABLE_CODE = YES;
				CLANG_WARN__DUPLICATE_METHOD_MATCH = YES;
				CODE_SIGN_IDENTITY = "iPhone Developer";
				COPY_PHASE_STRIP = NO;
				DEBUG_INFORMATION_FORMAT = dwarf;
				ENABLE_STRICT_OBJC_MSGSEND = YES;
				ENABLE_TESTABILITY = YES;
				GCC_C_LANGUAGE_STANDARD = gnu11;
				GCC_DYNAMIC_NO_PIC = NO;
				GCC_NO_COMMON_BLOCKS = YES;
				GCC_OPTIMIZATION_LEVEL = 0;
				GCC_PREPROCESSOR_DEFINITIONS = (
					"DEBUG=1",
					"$(inherited)",
				);
				GCC_WARN_64_TO_32_BIT_CONVERSION = YES;
				GCC_WARN_ABOUT_RETURN_TYPE = YES_ERROR;
				GCC_WARN_UNDECLARED_SELECTOR = YES;
				GCC_WARN_UNINITIALIZED_AUTOS = YES_AGGRESSIVE;
				GCC_WARN_UNUSED_FUNCTION = YES;
				GCC_WARN_UNUSED_VARIABLE = YES;
				IPHONEOS_DEPLOYMENT_TARGET = 12.0;
				MTL_ENABLE_DEBUG_INFO = INCLUDE_SOURCE;
				MTL_FAST_MATH = YES;
				ONLY_ACTIVE_ARCH = YES;
				SDKROOT = iphoneos;
				SWIFT_ACTIVE_COMPILATION_CONDITIONS = DEBUG;
				SWIFT_OPTIMIZATION_LEVEL = "-Onone";
			};
			name = Debug;
		};
		3F71530E22001ADB008A8DBA /* Release */ = {
			isa = XCBuildConfiguration;
			buildSettings = {
				ALWAYS_SEARCH_USER_PATHS = NO;
				CLANG_ANALYZER_NONNULL = YES;
				CLANG_ANALYZER_NUMBER_OBJECT_CONVERSION = YES_AGGRESSIVE;
				CLANG_CXX_LANGUAGE_STANDARD = "gnu++14";
				CLANG_CXX_LIBRARY = "libc++";
				CLANG_ENABLE_MODULES = YES;
				CLANG_ENABLE_OBJC_ARC = YES;
				CLANG_ENABLE_OBJC_WEAK = YES;
				CLANG_WARN_BLOCK_CAPTURE_AUTORELEASING = YES;
				CLANG_WARN_BOOL_CONVERSION = YES;
				CLANG_WARN_COMMA = YES;
				CLANG_WARN_CONSTANT_CONVERSION = YES;
				CLANG_WARN_DEPRECATED_OBJC_IMPLEMENTATIONS = YES;
				CLANG_WARN_DIRECT_OBJC_ISA_USAGE = YES_ERROR;
				CLANG_WARN_DOCUMENTATION_COMMENTS = YES;
				CLANG_WARN_EMPTY_BODY = YES;
				CLANG_WARN_ENUM_CONVERSION = YES;
				CLANG_WARN_INFINITE_RECURSION = YES;
				CLANG_WARN_INT_CONVERSION = YES;
				CLANG_WARN_NON_LITERAL_NULL_CONVERSION = YES;
				CLANG_WARN_OBJC_IMPLICIT_RETAIN_SELF = YES;
				CLANG_WARN_OBJC_LITERAL_CONVERSION = YES;
				CLANG_WARN_OBJC_ROOT_CLASS = YES_ERROR;
				CLANG_WARN_RANGE_LOOP_ANALYSIS = YES;
				CLANG_WARN_STRICT_PROTOTYPES = YES;
				CLANG_WARN_SUSPICIOUS_MOVE = YES;
				CLANG_WARN_UNGUARDED_AVAILABILITY = YES_AGGRESSIVE;
				CLANG_WARN_UNREACHABLE_CODE = YES;
				CLANG_WARN__DUPLICATE_METHOD_MATCH = YES;
				CODE_SIGN_IDENTITY = "iPhone Developer";
				COPY_PHASE_STRIP = NO;
				DEBUG_INFORMATION_FORMAT = "dwarf-with-dsym";
				ENABLE_NS_ASSERTIONS = NO;
				ENABLE_STRICT_OBJC_MSGSEND = YES;
				GCC_C_LANGUAGE_STANDARD = gnu11;
				GCC_NO_COMMON_BLOCKS = YES;
				GCC_WARN_64_TO_32_BIT_CONVERSION = YES;
				GCC_WARN_ABOUT_RETURN_TYPE = YES_ERROR;
				GCC_WARN_UNDECLARED_SELECTOR = YES;
				GCC_WARN_UNINITIALIZED_AUTOS = YES_AGGRESSIVE;
				GCC_WARN_UNUSED_FUNCTION = YES;
				GCC_WARN_UNUSED_VARIABLE = YES;
				IPHONEOS_DEPLOYMENT_TARGET = 12.0;
				MTL_ENABLE_DEBUG_INFO = NO;
				MTL_FAST_MATH = YES;
				SDKROOT = iphoneos;
				SWIFT_COMPILATION_MODE = wholemodule;
				SWIFT_OPTIMIZATION_LEVEL = "-O";
				VALIDATE_PRODUCT = YES;
			};
			name = Release;
		};
		3F71531022001ADB008A8DBA /* Debug */ = {
			isa = XCBuildConfiguration;
			buildSettings = {
				ASSETCATALOG_COMPILER_APPICON_NAME = AppIcon;
				CODE_SIGN_STYLE = Automatic;
				INFOPLIST_FILE = IntGitProj/Info.plist;
				LD_RUNPATH_SEARCH_PATHS = (
					"$(inherited)",
					"@executable_path/Frameworks",
				);
				PRODUCT_BUNDLE_IDENTIFIER = sjbit.IntGitProj;
				PRODUCT_NAME = "$(TARGET_NAME)";
				SWIFT_VERSION = 4.2;
				TARGETED_DEVICE_FAMILY = "1,2";
			};
			name = Debug;
		};
		3F71531122001ADB008A8DBA /* Release */ = {
			isa = XCBuildConfiguration;
			buildSettings = {
				ASSETCATALOG_COMPILER_APPICON_NAME = AppIcon;
				CODE_SIGN_STYLE = Automatic;
				INFOPLIST_FILE = IntGitProj/Info.plist;
				LD_RUNPATH_SEARCH_PATHS = (
					"$(inherited)",
					"@executable_path/Frameworks",
				);
				PRODUCT_BUNDLE_IDENTIFIER = sjbit.IntGitProj;
				PRODUCT_NAME = "$(TARGET_NAME)";
				SWIFT_VERSION = 4.2;
				TARGETED_DEVICE_FAMILY = "1,2";
			};
			name = Release;
		};
		3F71531322001ADB008A8DBA /* Debug */ = {
			isa = XCBuildConfiguration;
			buildSettings = {
				ALWAYS_EMBED_SWIFT_STANDARD_LIBRARIES = YES;
				BUNDLE_LOADER = "$(TEST_HOST)";
				CODE_SIGN_STYLE = Automatic;
				INFOPLIST_FILE = IntGitProjTests/Info.plist;
				LD_RUNPATH_SEARCH_PATHS = (
					"$(inherited)",
					"@executable_path/Frameworks",
					"@loader_path/Frameworks",
				);
				PRODUCT_BUNDLE_IDENTIFIER = sjbit.IntGitProjTests;
				PRODUCT_NAME = "$(TARGET_NAME)";
				SWIFT_VERSION = 4.2;
				TARGETED_DEVICE_FAMILY = "1,2";
				TEST_HOST = "$(BUILT_PRODUCTS_DIR)/IntGitProj.app/IntGitProj";
			};
			name = Debug;
		};
		3F71531422001ADB008A8DBA /* Release */ = {
			isa = XCBuildConfiguration;
			buildSettings = {
				ALWAYS_EMBED_SWIFT_STANDARD_LIBRARIES = YES;
				BUNDLE_LOADER = "$(TEST_HOST)";
				CODE_SIGN_STYLE = Automatic;
				INFOPLIST_FILE = IntGitProjTests/Info.plist;
				LD_RUNPATH_SEARCH_PATHS = (
					"$(inherited)",
					"@executable_path/Frameworks",
					"@loader_path/Frameworks",
				);
				PRODUCT_BUNDLE_IDENTIFIER = sjbit.IntGitProjTests;
				PRODUCT_NAME = "$(TARGET_NAME)";
				SWIFT_VERSION = 4.2;
				TARGETED_DEVICE_FAMILY = "1,2";
				TEST_HOST = "$(BUILT_PRODUCTS_DIR)/IntGitProj.app/IntGitProj";
			};
			name = Release;
		};
		3F71531622001ADB008A8DBA /* Debug */ = {
			isa = XCBuildConfiguration;
			buildSettings = {
				ALWAYS_EMBED_SWIFT_STANDARD_LIBRARIES = YES;
				CODE_SIGN_STYLE = Automatic;
				INFOPLIST_FILE = IntGitProjUITests/Info.plist;
				LD_RUNPATH_SEARCH_PATHS = (
					"$(inherited)",
					"@executable_path/Frameworks",
					"@loader_path/Frameworks",
				);
				PRODUCT_BUNDLE_IDENTIFIER = sjbit.IntGitProjUITests;
				PRODUCT_NAME = "$(TARGET_NAME)";
				SWIFT_VERSION = 4.2;
				TARGETED_DEVICE_FAMILY = "1,2";
				TEST_TARGET_NAME = IntGitProj;
			};
			name = Debug;
		};
		3F71531722001ADB008A8DBA /* Release */ = {
			isa = XCBuildConfiguration;
			buildSettings = {
				ALWAYS_EMBED_SWIFT_STANDARD_LIBRARIES = YES;
				CODE_SIGN_STYLE = Automatic;
				INFOPLIST_FILE = IntGitProjUITests/Info.plist;
				LD_RUNPATH_SEARCH_PATHS = (
					"$(inherited)",
					"@executable_path/Frameworks",
					"@loader_path/Frameworks",
				);
				PRODUCT_BUNDLE_IDENTIFIER = sjbit.IntGitProjUITests;
				PRODUCT_NAME = "$(TARGET_NAME)";
				SWIFT_VERSION = 4.2;
				TARGETED_DEVICE_FAMILY = "1,2";
				TEST_TARGET_NAME = IntGitProj;
			};
			name = Release;
		};
/* End XCBuildConfiguration section */

/* Begin XCConfigurationList section */
		3F7152E222001AD8008A8DBA /* Build configuration list for PBXProject "IntGitProj" */ = {
			isa = XCConfigurationList;
			buildConfigurations = (
				3F71530D22001ADB008A8DBA /* Debug */,
				3F71530E22001ADB008A8DBA /* Release */,
			);
			defaultConfigurationIsVisible = 0;
			defaultConfigurationName = Release;
		};
		3F71530F22001ADB008A8DBA /* Build configuration list for PBXNativeTarget "IntGitProj" */ = {
			isa = XCConfigurationList;
			buildConfigurations = (
				3F71531022001ADB008A8DBA /* Debug */,
				3F71531122001ADB008A8DBA /* Release */,
			);
			defaultConfigurationIsVisible = 0;
			defaultConfigurationName = Release;
		};
		3F71531222001ADB008A8DBA /* Build configuration list for PBXNativeTarget "IntGitProjTests" */ = {
			isa = XCConfigurationList;
			buildConfigurations = (
				3F71531322001ADB008A8DBA /* Debug */,
				3F71531422001ADB008A8DBA /* Release */,
			);
			defaultConfigurationIsVisible = 0;
			defaultConfigurationName = Release;
		};
		3F71531522001ADB008A8DBA /* Build configuration list for PBXNativeTarget "IntGitProjUITests" */ = {
			isa = XCConfigurationList;
			buildConfigurations = (
				3F71531622001ADB008A8DBA /* Debug */,
				3F71531722001ADB008A8DBA /* Release */,
			);
			defaultConfigurationIsVisible = 0;
			defaultConfigurationName = Release;
		};
/* End XCConfigurationList section */
	};
	rootObject = 3F7152DF22001AD8008A8DBA /* Project object */;
}
